lockfileVersion: '6.1'

settings:
  autoInstallPeers: true
  excludeLinksFromLockfile: false

dependencies:
  jquery:
    specifier: '*'
    version: 3.7.1

devDependencies:
  grunt:
    specifier: ~0.4.1
    version: 0.4.5
  grunt-cli:
    specifier: ~0.1.6
    version: 0.1.13
  grunt-contrib-concat:
    specifier: ~0.1.3
    version: 0.1.3(grunt@0.4.5)
  grunt-contrib-uglify:
    specifier: ~0.2.0
    version: 0.2.7(grunt@0.4.5)
  grunt-contrib-watch:
    specifier: ~0.3.1
    version: 0.3.1(grunt@0.4.5)
  grunt-markdown:
    specifier: ~0.2.0
    version: 0.2.0
  pjs:
    specifier: ^5.1.2
    version: 5.1.2
  sink-test:
    specifier: '*'
    version: 1.0.2

packages:

  /abbrev@1.1.1:
    resolution: {integrity: sha512-nne9/IiQ/hzIhY6pdDnbBtz7DjPTKrY00P/zvPSm5pOFkl6xuGrGnXn/VtTNNfNtAfZ9/1RtehkszU9qcTii0Q==}
    dev: true

  /amdefine@1.0.1:
    resolution: {integrity: sha512-S2Hw0TtNkMJhIabBwIojKL9YHO5T0n5eNqWJ7Lrlel/zDbftQpxpapi8tZs3X1HWa+u+QeydGmzzNU0m09+Rcg==}
    engines: {node: '>=0.4.2'}
    dev: true

  /argparse@0.1.16:
    resolution: {integrity: sha512-LjmC2dNpdn2L4UzyoaIr11ELYoLn37ZFy9zObrQFHsSuOepeUEMKnM8w5KL4Tnrp2gy88rRuQt6Ky8Bjml+Baw==}
    dependencies:
      underscore: 1.7.0
      underscore.string: 2.4.0
    dev: true

  /async@0.1.22:
    resolution: {integrity: sha512-2tEzliJmf5fHNafNwQLJXUasGzQCVctvsNkXmnlELHwypU0p08/rHohYvkqKIjyXpx+0rkrYv6QbhJ+UF4QkBg==}
    dev: true

  /async@0.2.10:
    resolution: {integrity: sha512-eAkdoKxU6/LkKDBzLpT+t6Ff5EtfSF4wx1WfJiPEEV7WNLnDaRXk0oVysiEPm262roaachGexwUv94WhSgN5TQ==}
    dev: true

  /camelcase@1.2.1:
    resolution: {integrity: sha512-wzLkDa4K/mzI1OSITC+DUyjgIl/ETNHE9QvYgy6J6Jvqyyz4C0Xfd+lQhb19sX2jMpZV4IssUn0VDVmglV+s4g==}
    engines: {node: '>=0.10.0'}
    dev: true

  /coffee-script@1.3.3:
    resolution: {integrity: sha512-QjQ1T4BqyHv19k6XSfdhy/QLlIOhywz0ekBUCa9h71zYMJlfDTGan/Z1JXzYkZ6v8R+GhvL/p4FZPbPW8WNXlg==}
    engines: {node: '>=0.4.0'}
    deprecated: CoffeeScript on NPM has moved to "coffeescript" (no hyphen)
    hasBin: true
    dev: true

  /colors@0.6.2:
    resolution: {integrity: sha512-OsSVtHK8Ir8r3+Fxw/b4jS1ZLPXkV6ZxDRJQzeD7qo0SqMXWrHDM71DgYzPMHY8SFJ0Ao+nNU2p1MmwdzKqPrw==}
    engines: {node: '>=0.1.90'}
    dev: true

  /colors@1.4.0:
    resolution: {integrity: sha512-a+UqTh4kgZg/SlGvfbzDHpgRu7AAQOmmqRHJnxhRZICKFUT91brVhNNt58CMWU9PsBbv3PDCZUHbVxuDiH2mtA==}
    engines: {node: '>=0.1.90'}
    dev: true

  /dateformat@1.0.2-1.2.3:
    resolution: {integrity: sha512-AXvW8g7tO4ilk5HgOWeDmPi/ZPaCnMJ+9Cg1I3p19w6mcvAAXBuuGEXAxybC+Djj1PSZUiHUcyoYu7WneCX8gQ==}
    dev: true

  /decamelize@1.2.0:
    resolution: {integrity: sha512-z2S+W9X73hAUUki+N+9Za2lBlun89zigOyGrsax+KUQ6wKW4ZoWpEYBkGhQjwAjjDCkWxhY0VKEhk8wzY7F5cA==}
    engines: {node: '>=0.10.0'}
    dev: true

  /esprima@1.0.4:
    resolution: {integrity: sha512-rp5dMKN8zEs9dfi9g0X1ClLmV//WRyk/R15mppFNICIFRG5P92VP7Z04p8pk++gABo9W2tY+kHyu6P1mEHgmTA==}
    engines: {node: '>=0.4.0'}
    hasBin: true
    dev: true

  /eventemitter2@0.4.14:
    resolution: {integrity: sha512-K7J4xq5xAD5jHsGM5ReWXRTFa3JRGofHiMcVgQ8PRwgWxzjHpMWCIzsmyf60+mh8KLsqYPcjUMa0AC4hd6lPyQ==}
    dev: true

  /exit@0.1.2:
    resolution: {integrity: sha512-Zk/eNKV2zbjpKzrsQ+n1G6poVbErQxJ0LBOJXaKZ1EViLzH+hrLu9cdXI4zw9dBQJslwBEpbQ2P1oS7nDxs6jQ==}
    engines: {node: '>= 0.8.0'}
    dev: true

  /fileset@0.1.8:
    resolution: {integrity: sha512-Gg0/Iy/v4BfdGWZpbpVBPKIYcap7jMn2uT5lcIDZyMFZR35VDojrJnIAwWjCj7ZOqsGp3j+ExWKqnfGrz4q0fg==}
    dependencies:
      glob: 3.2.11
      minimatch: 0.2.14
    dev: true

  /findup-sync@0.1.3:
    resolution: {integrity: sha512-yjftfYnF4ThYEvKEV/kEFR15dmtyXTAh3vQnzpJUoc7Naj5y1P0Ck7Zs1+Vroa00E3KT3IYsk756S+8WA5dNLw==}
    engines: {node: '>= 0.6.0'}
    dependencies:
      glob: 3.2.11
      lodash: 2.4.2
    dev: true

  /gaze@0.3.4:
    resolution: {integrity: sha512-vIK81ZT20o9X0LOHYDGo5Phq6FaQRjDjBN2KkbYSxlaXnN1WDH0Op0tPThqNVA8ZnmN/TYNZfGHAVkBTrdeBIQ==}
    engines: {node: '>= 0.6.0'}
    dependencies:
      fileset: 0.1.8
      minimatch: 0.2.14
    dev: true

  /getobject@0.1.0:
    resolution: {integrity: sha512-hIGEBfnHcZpWkXPsAVeVmpYDvfy/matVl03yOY91FPmnpCC12Lm5izNxCjO3lHAeO6uaTwMxu7g450Siknlhig==}
    engines: {node: '>= 0.8.0'}
    dev: true

  /glob@3.1.21:
    resolution: {integrity: sha512-ANhy2V2+tFpRajE3wN4DhkNQ08KDr0Ir1qL12/cUe5+a7STEK8jkW4onUYuY8/06qAFuT5je7mjAqzx0eKI2tQ==}
    dependencies:
      graceful-fs: 1.2.3
      inherits: 1.0.2
      minimatch: 0.2.14
    dev: true

  /glob@3.2.11:
    resolution: {integrity: sha512-hVb0zwEZwC1FXSKRPFTeOtN7AArJcJlI6ULGLtrstaswKNlrTJqAA+1lYlSUop4vjA423xlBzqfVS3iWGlqJ+g==}
    dependencies:
      inherits: 2.0.4
      minimatch: 0.3.0
    dev: true

  /graceful-fs@1.2.3:
    resolution: {integrity: sha512-iiTUZ5vZ+2ZV+h71XAgwCSu6+NAizhFU3Yw8aC/hH5SQ3SnISqEqAek40imAFGtDcwJKNhXvSY+hzIolnLwcdQ==}
    engines: {node: '>=0.4.0'}
    deprecated: please upgrade to graceful-fs 4 for compatibility with current and future versions of Node.js
    dev: true

  /grunt-cli@0.1.13:
    resolution: {integrity: sha512-BbNtMuqZIZjafVWYB2nipPtvWILEVtY6N30eMNwKzwISddC5D4XHzfqjuCyEKcKTH19k3FqsRLZenEc1g3PE0Q==}
    engines: {node: '>= 0.8.0'}
    hasBin: true
    dependencies:
      findup-sync: 0.1.3
      nopt: 1.0.10
      resolve: 0.3.1
    dev: true

  /grunt-contrib-concat@0.1.3(grunt@0.4.5):
    resolution: {integrity: sha512-PDepCEPXtv0RDQjAOvuoJ7eG5Ebzq/MfpwIabiIF1j0ggmyqCKVGIGuur7AzKmjjaxWHjbYUrBD/GauOq96dqg==}
    engines: {node: '>= 0.8.0'}
    peerDependencies:
      grunt: ~0.4.0
    dependencies:
      grunt: 0.4.5
    dev: true

  /grunt-contrib-lib@0.3.0:
    resolution: {integrity: sha512-054+fRVmJ7m2tpxtBOsV06UbNl+uoIvq+CoVgs1hyBeECZwAmYRGGHC/WsCLatYAzVoVC3WOOUtUXJ67sIj5oA==}
    engines: {node: '>= 0.6.0'}
    deprecated: renamed to grunt-lib-contrib
    dev: true

  /grunt-contrib-uglify@0.2.7(grunt@0.4.5):
    resolution: {integrity: sha512-KXKM2UNLsCiUI6/DYfAIPm3i26UJJN6Cf6KD8fFa2TKllj7yLPC853IxtWBJ/3jX66QtXHGtdCORuuA6sAFvvA==}
    engines: {node: '>= 0.8.0'}
    peerDependencies:
      grunt: ~0.4.0
    dependencies:
      grunt: 0.4.5
      grunt-lib-contrib: 0.6.1
      uglify-js: 2.4.24
    dev: true

  /grunt-contrib-watch@0.3.1(grunt@0.4.5):
    resolution: {integrity: sha512-Qxm2fIXwin7hLFqeor5m6aiwgsDDDv6wKYGueH7WyHUnd+Y+trsdY2tV5emPqS3WHEzzUqRnvEb7irt8iFCU6w==}
    engines: {node: '>= 0.8.0'}
    peerDependencies:
      grunt: ~0.4.0
    dependencies:
      gaze: 0.3.4
      grunt: 0.4.5
    dev: true

  /grunt-legacy-log-utils@0.1.1:
    resolution: {integrity: sha512-D0vbUX00TFYCKNZtcZzemMpwT8TR/FdRs1pmfiBw6qnUw80PfsjV+lhIozY/3eJ3PSG2zj89wd2mH/7f4tNAlw==}
    engines: {node: '>= 0.8.0'}
    dependencies:
      colors: 0.6.2
      lodash: 2.4.2
      underscore.string: 2.3.3
    dev: true

  /grunt-legacy-log@0.1.3:
    resolution: {integrity: sha512-qYs/uM0ImdzwIXLhS4O5WLV5soAM+PEqqHI/hzSxlo450ERSccEhnXqoeDA9ZozOdaWuYnzTOTwRcVRogleMxg==}
    engines: {node: '>= 0.8.0'}
    dependencies:
      colors: 0.6.2
      grunt-legacy-log-utils: 0.1.1
      hooker: 0.2.3
      lodash: 2.4.2
      underscore.string: 2.3.3
    dev: true

  /grunt-legacy-util@0.2.0:
    resolution: {integrity: sha512-cXPbfF8aM+pvveQeN1K872D5fRm30xfJWZiS63Y8W8oyIPLClCsmI8bW96Txqzac9cyL4lRqEBhbhJ3n5EzUUQ==}
    engines: {node: '>= 0.8.0'}
    dependencies:
      async: 0.1.22
      exit: 0.1.2
      getobject: 0.1.0
      hooker: 0.2.3
      lodash: 0.9.2
      underscore.string: 2.2.1
      which: 1.0.9
    dev: true

  /grunt-lib-contrib@0.6.1:
    resolution: {integrity: sha512-HdCtJuMmmkSAVrAfsG7lZWE0YabrsPWwzcCCUgWQOAaQsQSUNhw/IwD2YjCSLh5y9NXSPzHTYFLL4ro7QbAJMA==}
    engines: {node: '>= 0.8.0'}
    dependencies:
      zlib-browserify: 0.0.1
    dev: true

  /grunt-markdown@0.2.0:
    resolution: {integrity: sha512-ngf7u5OOxY2mryALkNzKLQK5Dbno+rFImHDFxSxNcsNs+UI8vBHJgu4ZFkXCUbJ4QP9usY2Odh0Bz2gq4RkGFA==}
    dependencies:
      grunt-contrib-lib: 0.3.0
      highlight.js: 7.3.0
      lodash: 0.9.2
      marked: 0.2.10
    dev: true

  /grunt@0.4.5:
    resolution: {integrity: sha512-1iq3ylLjzXqz/KSq1OAE2qhnpcbkF2WyhsQcavZt+YmgvHu0EbPMEhGhy2gr0FP67isHpRdfwjB5WVeXXcJemQ==}
    engines: {node: '>= 0.8.0'}
    dependencies:
      async: 0.1.22
      coffee-script: 1.3.3
      colors: 0.6.2
      dateformat: 1.0.2-1.2.3
      eventemitter2: 0.4.14
      exit: 0.1.2
      findup-sync: 0.1.3
      getobject: 0.1.0
      glob: 3.1.21
      grunt-legacy-log: 0.1.3
      grunt-legacy-util: 0.2.0
      hooker: 0.2.3
      iconv-lite: 0.2.11
      js-yaml: 2.0.5
      lodash: 0.9.2
      minimatch: 0.2.14
      nopt: 1.0.10
      rimraf: 2.2.8
      underscore.string: 2.2.1
      which: 1.0.9
    dev: true

  /highlight.js@7.3.0:
    resolution: {integrity: sha512-OHxLFYMoq1D56t6EtTeeB9X8Or+WJMEopds7ZOXzCnNfkjwRWK2QlNhxFVCpX7MT6wGvka6+UD/aDu5MIzHnCw==}
    deprecated: Version no longer supported. Upgrade to @latest
    dev: true

  /hooker@0.2.3:
    resolution: {integrity: sha512-t+UerCsQviSymAInD01Pw+Dn/usmz1sRO+3Zk1+lx8eg+WKpD2ulcwWqHHL0+aseRBr+3+vIhiG1K1JTwaIcTA==}
    dev: true

  /iconv-lite@0.2.11:
    resolution: {integrity: sha512-KhmFWgaQZY83Cbhi+ADInoUQ8Etn6BG5fikM9syeOjQltvR45h7cRKJ/9uvQEuD61I3Uju77yYce0/LhKVClQw==}
    engines: {node: '>=0.4.0'}
    dev: true

  /inherits@1.0.2:
    resolution: {integrity: sha512-Al67oatbRSo3RV5hRqIoln6Y5yMVbJSIn4jEJNL7VCImzq/kLr7vvb6sFRJXqr8rpHc/2kJOM+y0sPKN47VdzA==}
    dev: true

  /inherits@2.0.4:
    resolution: {integrity: sha512-k/vGaX4/Yla3WzyMCvTQOXYeIHvqOKtnqBduzTHpzpQZzAskKMhZ2K+EnBiSM9zGSoIFeMpXKxa4dYeZIQqewQ==}
    dev: true

  /jquery@3.7.1:
    resolution: {integrity: sha512-m4avr8yL8kmFN8psrbFFFmB/If14iN5o9nw/NgnnM+kybDJpRsAynV2BsfpTYrTRysYUdADVD7CkUUizgkpLfg==}
    dev: false

  /js-yaml@2.0.5:
    resolution: {integrity: sha512-VEKcIksckDBUhg2JS874xVouiPkywVUh4yyUmLCDe1Zg3bCd6M+F1eGPenPeHLc2XC8pp9G8bsuofK0NeEqRkA==}
    engines: {node: '>= 0.6.0'}
    hasBin: true
    dependencies:
      argparse: 0.1.16
      esprima: 1.0.4
    dev: true

  /lodash@0.9.2:
    resolution: {integrity: sha512-LVbt/rjK62gSbhehDVKL0vlaime4Y1IBixL+bKeNfoY4L2zab/jGrxU6Ka05tMA/zBxkTk5t3ivtphdyYupczw==}
    engines: {'0': node, '1': rhino}
    dev: true

  /lodash@2.4.2:
    resolution: {integrity: sha512-Kak1hi6/hYHGVPmdyiZijoQyz5x2iGVzs6w9GYB/HiXEtylY7tIoYEROMjvM1d9nXJqPOrG2MNPMn01bJ+S0Rw==}
    engines: {'0': node, '1': rhino}
    dev: true

  /lru-cache@2.7.3:
    resolution: {integrity: sha512-WpibWJ60c3AgAz8a2iYErDrcT2C7OmKnsWhIcHOjkUHFjkXncJhtLxNSqUmxRxRunpb5I8Vprd7aNSd2NtksJQ==}
    dev: true

  /marked@0.2.10:
    resolution: {integrity: sha512-LyFB4QvdBaJFfEIn33plrxtBuRjeHoDE2QJdP58i2EWMUTpa6GK6MnjJh3muCvVibFJompyr6IxecK2fjp4RDw==}
    hasBin: true
    dev: true

  /minimatch@0.2.14:
    resolution: {integrity: sha512-zZ+Jy8lVWlvqqeM8iZB7w7KmQkoJn8djM585z88rywrEbzoqawVa9FR5p2hwD+y74nfuKOjmNvi9gtWJNLqHvA==}
    deprecated: Please update to minimatch 3.0.2 or higher to avoid a RegExp DoS issue
    dependencies:
      lru-cache: 2.7.3
      sigmund: 1.0.1
    dev: true

  /minimatch@0.3.0:
    resolution: {integrity: sha512-WFX1jI1AaxNTZVOHLBVazwTWKaQjoykSzCBNXB72vDTCzopQGtyP91tKdFK5cv1+qMwPyiTu1HqUriqplI8pcA==}
    deprecated: Please update to minimatch 3.0.2 or higher to avoid a RegExp DoS issue
    dependencies:
      lru-cache: 2.7.3
      sigmund: 1.0.1
    dev: true

  /nopt@1.0.10:
    resolution: {integrity: sha512-NWmpvLSqUrgrAC9HCuxEvb+PSloHpqVu+FqcO4eeF2h5qYRhA7ev6KvelyQAKtegUbC6RypJnlEOhd8vloNKYg==}
    hasBin: true
    dependencies:
      abbrev: 1.1.1
    dev: true

  /pjs@5.1.2:
    resolution: {integrity: sha512-aoPrjtnYOknat/wiO5hyCkub7LymxSY1BN8gIsW49PfbdPyQiaU+UOo9DfSEhhl48cWLd28IwpERutBveLdQLA==}
    dev: true

  /resolve@0.3.1:
    resolution: {integrity: sha512-mxx/I/wLjxtryDBtrrb0ZNzaYERVWaHpJ0W0Arm8N4l8b+jiX/U5yKcsj0zQpF9UuKN1uz80EUTOudON6OPuaQ==}
    dev: true

  /rimraf@2.2.8:
    resolution: {integrity: sha512-R5KMKHnPAQaZMqLOsyuyUmcIjSeDm+73eoqQpaXA7AZ22BL+6C+1mcUscgOsNd8WVlJuvlgAPsegcx7pjlV0Dg==}
    hasBin: true
    dev: true

  /sigmund@1.0.1:
    resolution: {integrity: sha512-fCvEXfh6NWpm+YSuY2bpXb/VIihqWA6hLsgboC+0nl71Q7N7o2eaCW8mJa/NLvQhs6jpd3VZV4UiUQlV6+lc8g==}
    dev: true

  /sink-test@1.0.2:
    resolution: {integrity: sha512-Yh+3ALIWaIqQ2p5X9/o2l7WAPXOaJvA6PM/DqQPX2K2NBl5+jZUPF/rvklj2X6EOnIuhlyyB4w24wFvTiCB90g==}
    engines: {node: '>= 0.4.0'}
    dependencies:
      colors: 1.4.0
    dev: true

  /source-map@0.1.34:
    resolution: {integrity: sha512-yfCwDj0vR9RTwt3pEzglgb3ZgmcXHt6DjG3bjJvzPwTL+5zDQ2MhmSzAcTy0GTiQuCiriSWXvWM1/NhKdXuoQA==}
    engines: {node: '>=0.8.0'}
    dependencies:
      amdefine: 1.0.1
    dev: true

  /uglify-js@2.4.24:
    resolution: {integrity: sha512-tktIjwackfZLd893KGJmXc1hrRHH1vH9Po3xFh1XBjjeGAnN02xJ3SuoA+n1L29/ZaCA18KzCFlckS+vfPugiA==}
    engines: {node: '>=0.4.0'}
    hasBin: true
    dependencies:
      async: 0.2.10
      source-map: 0.1.34
      uglify-to-browserify: 1.0.2
      yargs: 3.5.4
    dev: true

  /uglify-to-browserify@1.0.2:
    resolution: {integrity: sha512-vb2s1lYx2xBtUgy+ta+b2J/GLVUR+wmpINwHePmPRhOsIVCG2wDzKJ0n14GslH1BifsqVzSOwQhRaCAsZ/nI4Q==}
    dev: true

  /underscore.string@2.2.1:
    resolution: {integrity: sha512-3FVmhXqelrj6gfgp3Bn6tOavJvW0dNH2T+heTD38JRxIrAbiuzbqjknszoOYj3DyFB1nWiLj208Qt2no/L4cIA==}
    dev: true

  /underscore.string@2.3.3:
    resolution: {integrity: sha512-hbD5MibthuDAu4yA5wxes5bzFgqd3PpBJuClbRxaNddxfdsz+qf+1kHwrGQFrmchmDHb9iNU+6EHDn8uj0xDJg==}
    dev: true

  /underscore.string@2.4.0:
    resolution: {integrity: sha512-yxkabuCaIBnzfIvX3kBxQqCs0ar/bfJwDnFEHJUm/ZrRVhT3IItdRF5cZjARLzEnyQYtIUhsZ2LG2j3HidFOFQ==}
    dev: true

  /underscore@1.7.0:
    resolution: {integrity: sha512-cp0oQQyZhUM1kpJDLdGO1jPZHgS/MpzoWYfe9+CM2h/QGDZlqwT2T3YGukuBdaNJ/CAPoeyAZRRHz8JFo176vA==}
    dev: true

  /which@1.0.9:
    resolution: {integrity: sha512-E87fdQ/eRJr9W1X4wTPejNy9zTW3FI2vpCZSJ/HAY+TkjKVC0TUm1jk6vn2Z7qay0DQy0+RBGdXxj+RmmiGZKQ==}
    hasBin: true
    dev: true

  /window-size@0.1.0:
    resolution: {integrity: sha512-1pTPQDKTdd61ozlKGNCjhNRd+KPmgLSGa3mZTHoOliaGcESD8G1PXhh7c1fgiPjVbNVfgy2Faw4BI8/m0cC8Mg==}
    engines: {node: '>= 0.8.0'}
    dev: true

  /wordwrap@0.0.2:
    resolution: {integrity: sha512-xSBsCeh+g+dinoBv3GAOWM4LcVVO68wLXRanibtBSdUvkGWQRGeE9P7IwU9EmDDi4jA6L44lz15CGMwdw9N5+Q==}
    engines: {node: '>=0.4.0'}
    dev: true

  /yargs@3.5.4:
    resolution: {integrity: sha512-5j382E4xQSs71p/xZQsU1PtRA2HXPAjX0E0DkoGLxwNASMOKX6A9doV1NrZmj85u2Pjquz402qonBzz/yLPbPA==}
    dependencies:
      camelcase: 1.2.1
      decamelize: 1.2.0
      window-size: 0.1.0
      wordwrap: 0.0.2
    dev: true

  /zlib-browserify@0.0.1:
    resolution: {integrity: sha512-fheIDCKXU0YAGZMv4FFwVTBMQRSv2ZjNqRN1VkZjetZDK/BC/hViEhasTh0kTeogcsIAl5gYE04GN53trT+cFw==}
    dev: true
